// !$*UTF8*$!
{
	archiveVersion = 1;
	classes = {
	};
	objectVersion = 46;
	objects = {

/* Begin PBXBuildFile section */
		32802ABA166277400095E0AF /* main.c in Sources */ = {isa = PBXBuildFile; fileRef = 32802AB9166277400095E0AF /* main.c */; };
		32802ABC166277400095E0AF /* Solar_System_II.1 in CopyFiles */ = {isa = PBXBuildFile; fileRef = 32802ABB166277400095E0AF /* Solar_System_II.1 */; };
/* End PBXBuildFile section */

/* Begin PBXCopyFilesBuildPhase section */
		32802AB3166277400095E0AF /* CopyFiles */ = {
			isa = PBXCopyFilesBuildPhase;
			buildActionMask = 2147483647;
			dstPath = /usr/share/man/man1/;
			dstSubfolderSpec = 0;
			files = (
				32802ABC166277400095E0AF /* Solar_System_II.1 in CopyFiles */,
			);
			runOnlyForDeploymentPostprocessing = 1;
		};
/* End PBXCopyFilesBuildPhase section */

/* Begin PBXFileReference section */
		32802AB5166277400095E0AF /* Solar_System_II */ = {isa = PBXFileReference; explicitFileType = "compiled.mach-o.executable"; includeInIndex = 0; path = Solar_System_II; sourceTree = BUILT_PRODUCTS_DIR; };
		32802AB9166277400095E0AF /* main.c */ = {isa = PBXFileReference; lastKnownFileType = sourcecode.c.c; path = main.c; sourceTree = "<group>"; };
		32802ABB166277400095E0AF /* Solar_System_II.1 */ = {isa = PBXFileReference; lastKnownFileType = text.man; path = Solar_System_II.1; sourceTree = "<group>"; };
/* End PBXFileReference section */

/* Begin PBXFrameworksBuildPhase section */
		32802AB2166277400095E0AF /* Frameworks */ = {
			isa = PBXFrameworksBuildPhase;
			buildActionMask = 2147483647;
			files = (
			);
			runOnlyForDeploymentPostprocessing = 0;
		};
/* End PBXFrameworksBuildPhase section */

/* Begin PBXGroup section */
		32802AAA166277400095E0AF = {
			isa = PBXGroup;
			children = (
				32802AB8166277400095E0AF /* Solar_System_II */,
				32802AB6166277400095E0AF /* Products */,
			);
			sourceTree = "<group>";
		};
		32802AB6166277400095E0AF /* Products */ = {
			isa = PBXGroup;
			children = (
				32802AB5166277400095E0AF /* Solar_System_II */,
			);
			name = Products;
			sourceTree = "<group>";
		};
		32802AB8166277400095E0AF /* Solar_System_II */ = {
			isa = PBXGroup;
			children = (
				32802AB9166277400095E0AF /* main.c */,
				32802ABB166277400095E0AF /* Solar_System_II.1 */,
			);
			path = Solar_System_II;
			sourceTree = "<group>";
		};
/* End PBXGroup section */

/* Begin PBXNativeTarget section */
		32802AB4166277400095E0AF /* Solar_System_II */ = {
			isa = PBXNativeTarget;
			buildConfigurationList = 32802ABF166277400095E0AF /* Build configuration list for PBXNativeTarget "Solar_System_II" */;
			buildPhases = (
				32802AB1166277400095E0AF /* Sources */,
				32802AB2166277400095E0AF /* Frameworks */,
				32802AB3166277400095E0AF /* CopyFiles */,
			);
			buildRules = (
			);
			dependencies = (
			);
			name = Solar_System_II;
			productName = Solar_System_II;
			productReference = 32802AB5166277400095E0AF /* Solar_System_II */;
			productType = "com.apple.product-type.tool";
		};
/* End PBXNativeTarget section */

/* Begin PBXProject section */
		32802AAC166277400095E0AF /* Project object */ = {
			isa = PBXProject;
			attributes = {
				LastUpgradeCheck = 0450;
				ORGANIZATIONNAME = "Jocelyn FRIDAY";
			};
			buildConfigurationList = 32802AAF166277400095E0AF /* Build configuration list for PBXProject "Solar_System_II" */;
			compatibilityVersion = "Xcode 3.2";
			developmentRegion = English;
			hasScannedForEncodings = 0;
			knownRegions = (
				en,
			);
			mainGroup = 32802AAA166277400095E0AF;
			productRefGroup = 32802AB6166277400095E0AF /* Products */;
			projectDirPath = "";
			projectRoot = "";
			targets = (
				32802AB4166277400095E0AF /* Solar_System_II */,
			);
		};
/* End PBXProject section */

/* Begin PBXSourcesBuildPhase section */
		32802AB1166277400095E0AF /* Sources */ = {
			isa = PBXSourcesBuildPhase;
			buildActionMask = 2147483647;
			files = (
				32802ABA166277400095E0AF /* main.c in Sources */,
			);
			runOnlyForDeploymentPostprocessing = 0;
		};
/* End PBXSourcesBuildPhase section */

/* Begin XCBuildConfiguration section */
		32802ABD166277400095E0AF /* Debug */ = {
			isa = XCBuildConfiguration;
			buildSettings = {
				ALWAYS_SEARCH_USER_PATHS = NO;
				ARCHS = "$(ARCHS_STANDARD_64_BIT)";
				CLANG_CXX_LANGUAGE_STANDARD = "gnu++0x";
				CLANG_CXX_LIBRARY = "libc++";
				CLANG_WARN_EMPTY_BODY = YES;
				CLANG_WARN__DUPLICATE_METHOD_MATCH = YES;
				COPY_PHASE_STRIP = NO;
				GCC_C_LANGUAGE_STANDARD = gnu99;
				GCC_DYNAMIC_NO_PIC = NO;
				GCC_ENABLE_OBJC_EXCEPTIONS = YES;
				GCC_OPTIMIZATION_LEVEL = 0;
				GCC_PREPROCESSOR_DEFINITIONS = (
					"DEBUG=1",
					"$(inherited)",
				);
				GCC_SYMBOLS_PRIVATE_EXTERN = NO;
				GCC_WARN_64_TO_32_BIT_CONVERSION = YES;
				GCC_WARN_ABOUT_RETURN_TYPE = YES;
				GCC_WARN_UNINITIALIZED_AUTOS = YES;
				GCC_WARN_UNUSED_VARIABLE = YES;
				MACOSX_DEPLOYMENT_TARGET = 10.8;
				ONLY_ACTIVE_ARCH = YES;
				SDKROOT = macosx;
			};
			name = Debug;
		};
		32802ABE166277400095E0AF /* Release */ = {
			isa = XCBuildConfiguration;
			buildSettings = {
				ALWAYS_SEARCH_USER_PATHS = NO;
				ARCHS = "$(ARCHS_STANDARD_64_BIT)";
				CLANG_CXX_LANGUAGE_STANDARD = "gnu++0x";
				CLANG_CXX_LIBRARY = "libc++";
				CLANG_WARN_EMPTY_BODY = YES;
				CLANG_WARN__DUPLICATE_METHOD_MATCH = YES;
				COPY_PHASE_STRIP = YES;
				DEBUG_INFORMATION_FORMAT = "dwarf-with-dsym";
				GCC_C_LANGUAGE_STANDARD = gnu99;
				GCC_ENABLE_OBJC_EXCEPTIONS = YES;
				GCC_WARN_64_TO_32_BIT_CONVERSION = YES;
				GCC_WARN_ABOUT_RETURN_TYPE = YES;
				GCC_WARN_UNINITIALIZED_AUTOS = YES;
				GCC_WARN_UNUSED_VARIABLE = YES;
				MACOSX_DEPLOYMENT_TARGET = 10.8;
				SDKROOT = macosx;
			};
			name = Release;
		};
		32802AC0166277400095E0AF /* Debug */ = {
			isa = XCBuildConfiguration;
			buildSettings = {
				PRODUCT_NAME = "$(TARGET_NAME)";
			};
			name = Debug;
		};
		32802AC1166277400095E0AF /* Release */ = {
			isa = XCBuildConfiguration;
			buildSettings = {
				PRODUCT_NAME = "$(TARGET_NAME)";
			};
			name = Release;
		};
/* End XCBuildConfiguration section */

/* Begin XCConfigurationList section */
		32802AAF166277400095E0AF /* Build configuration list for PBXProject "Solar_System_II" */ = {
			isa = XCConfigurationList;
			buildConfigurations = (
				32802ABD166277400095E0AF /* Debug */,
				32802ABE166277400095E0AF /* Release */,
			);
			defaultConfigurationIsVisible = 0;
			defaultConfigurationName = Release;
		};
		32802ABF166277400095E0AF /* Build configuration list for PBXNativeTarget "Solar_System_II" */ = {
			isa = XCConfigurationList;
			buildConfigurations = (
				32802AC0166277400095E0AF /* Debug */,
				32802AC1166277400095E0AF /* Release */,
			);
			defaultConfigurationIsVisible = 0;
		};
/* End XCConfigurationList section */
	};
	rootObject = 32802AAC166277400095E0AF /* Project object */;
}
